
Microsoft Visual Studio Solution File, Format Version 12.00
# Visual Studio 14
VisualStudioVersion = 14.0.25420.1
MinimumVisualStudioVersion = 10.0.40219.1
Project("{2150E333-8FDC-42A3-9474-1A3956D46DE8}") = "Core", "Core", "{0C3CE779-1E4C-468F-AC85-E3554CE8F7BF}"
EndProject
Project("{FAE04EC0-301F-11D3-BF4B-00C04F79EFBC}") = "SanteDB", "SanteDB\SanteDB.csproj", "{649B7C70-EC21-4AC4-B918-C34C84753126}"
EndProject
Project("{2150E333-8FDC-42A3-9474-1A3956D46DE8}") = "Tools", "Tools", "{743B3DB9-DFAD-4E1F-8C4A-7A485C7EC709}"
EndProject
Project("{FAE04EC0-301F-11D3-BF4B-00C04F79EFBC}") = "SanteDB.AdminConsole", "SanteDB.AdminConsole\SanteDB.AdminConsole.csproj", "{04421AB6-68F0-4315-AB5A-9F2486D8DC64}"
EndProject
Project("{FAE04EC0-301F-11D3-BF4B-00C04F79EFBC}") = "SanteDB.Authentication.OAuth2", "SanteDB.Authentication.OAuth\SanteDB.Authentication.OAuth2.csproj", "{A3975C6F-4FDB-43BE-81AB-3357B86173F1}"
EndProject
Project("{2150E333-8FDC-42A3-9474-1A3956D46DE8}") = "Authentication", "Authentication", "{D99E9BD3-602E-43F2-BBA0-264206FA80CC}"
EndProject
Project("{FAE04EC0-301F-11D3-BF4B-00C04F79EFBC}") = "SanteDB.BusinessRules.JavaScript", "SanteDB.BusinessRules.JavaScript\SanteDB.BusinessRules.JavaScript.csproj", "{3BFD6EE6-0267-4D82-BE7D-9B48B2F6F3D4}"
EndProject
Project("{2150E333-8FDC-42A3-9474-1A3956D46DE8}") = "Business Rules", "Business Rules", "{2528C921-AF78-4EB3-8160-567A6CB5255B}"
EndProject
Project("{FAE04EC0-301F-11D3-BF4B-00C04F79EFBC}") = "SanteDB.BusinessRules.JavaScript.Test", "SanteDB.BusinessRules.JavaScript.Test\SanteDB.BusinessRules.JavaScript.Test.csproj", "{6AFCADBB-4505-43FD-A1BA-ED7DBC1BB232}"
EndProject
Project("{FAE04EC0-301F-11D3-BF4B-00C04F79EFBC}") = "SanteDB.Caching.Memory", "SanteDB.Caching.Memory\SanteDB.Caching.Memory.csproj", "{8553ABC7-ABFA-4A21-B0E8-68B7DE76129D}"
EndProject
Project("{2150E333-8FDC-42A3-9474-1A3956D46DE8}") = "Caching", "Caching", "{B3F515F8-46CB-4F85-B89C-9E5239A606EE}"
EndProject
Project("{FAE04EC0-301F-11D3-BF4B-00C04F79EFBC}") = "SanteDB.Caching.Memory.Test", "SanteDB.Caching.Memory.Test\SanteDB.Caching.Memory.Test.csproj", "{B09A6D4C-862C-4B5B-9C05-4160ED7CCA4A}"
EndProject
Project("{FAE04EC0-301F-11D3-BF4B-00C04F79EFBC}") = "SanteDB.Caching.Redis", "SanteDB.Caching.Redis\SanteDB.Caching.Redis.csproj", "{86672094-25CC-4CD5-B085-240E50EC4A5E}"
EndProject
Project("{FAE04EC0-301F-11D3-BF4B-00C04F79EFBC}") = "SanteDB.Core", "SanteDB.Core\SanteDB.Core.csproj", "{DB9BC05E-45F1-4F96-A161-F36BDECAF566}"
EndProject
Project("{FAE04EC0-301F-11D3-BF4B-00C04F79EFBC}") = "SanteDB.Alerting", "SanteDB.Alerting\SanteDB.Alerting.csproj", "{CCEAA09F-7B59-45EC-B969-3A740C2AEBAA}"
EndProject
Project("{2150E333-8FDC-42A3-9474-1A3956D46DE8}") = "Alerting", "Alerting", "{747C6F52-C20E-4592-B2C4-6FC77C0DD40E}"
EndProject
Project("{FAE04EC0-301F-11D3-BF4B-00C04F79EFBC}") = "SanteDB.Core.Applets", "SanteDB.Core.Applets\SanteDB.Core.Applets.csproj", "{39E61451-F4FE-493D-B754-5F06EB284AAC}"
EndProject
Project("{2150E333-8FDC-42A3-9474-1A3956D46DE8}") = "Applets", "Applets", "{6E5EA81C-5E70-4128-A7E2-8DFFA069D667}"
EndProject
Project("{FAE04EC0-301F-11D3-BF4B-00C04F79EFBC}") = "SanteDB.Core.Applets.Test", "SanteDB.Core.Applets.Test\SanteDB.Core.Applets.Test.csproj", "{F322715B-FBAD-4C8C-B523-AA723490C05E}"
EndProject
Project("{FAE04EC0-301F-11D3-BF4B-00C04F79EFBC}") = "SanteDB.Core.Model", "SanteDB.Core.Model\SanteDB.Core.Model.csproj", "{F1A82A4F-4A57-47D7-AE76-444C8A4FF54A}"
EndProject
Project("{FAE04EC0-301F-11D3-BF4B-00C04F79EFBC}") = "SanteDB.Core.Model.AMI", "SanteDB.Core.Model.AMI\SanteDB.Core.Model.AMI.csproj", "{65EF51C6-5CB8-43B8-AE65-4A68F0B44AD2}"
EndProject
Project("{2150E333-8FDC-42A3-9474-1A3956D46DE8}") = "Messaging", "Messaging", "{2B42E7E5-EE67-4D86-81EB-4AF674CE2C85}"
EndProject
Project("{2150E333-8FDC-42A3-9474-1A3956D46DE8}") = "AMI", "AMI", "{CE27C26E-C86D-4969-BD10-49FA9273C287}"
EndProject
Project("{2150E333-8FDC-42A3-9474-1A3956D46DE8}") = "HDSI", "HDSI", "{BCBFE210-FE54-4E9F-9A2D-2753664421A8}"
EndProject
Project("{2150E333-8FDC-42A3-9474-1A3956D46DE8}") = "RISI", "RISI", "{914F78A5-40E7-419A-8339-7DA21C79ADA6}"
EndProject
Project("{2150E333-8FDC-42A3-9474-1A3956D46DE8}") = "Interop", "Interop", "{87B3869E-6B6C-47DF-A173-9F732F8ADC48}"
EndProject
Project("{2150E333-8FDC-42A3-9474-1A3956D46DE8}") = "GS1", "GS1", "{921F0E12-BCB8-423F-9026-B5A72D01F894}"
EndProject
Project("{2150E333-8FDC-42A3-9474-1A3956D46DE8}") = "FHIR", "FHIR", "{CD4C260C-F81F-4C62-9D00-A64AE33710EB}"
EndProject
Project("{2150E333-8FDC-42A3-9474-1A3956D46DE8}") = "HL7", "HL7", "{DFE841C6-5318-4E53-9510-263C2BB3F6E9}"
EndProject
Project("{FAE04EC0-301F-11D3-BF4B-00C04F79EFBC}") = "SanteDB.Core.Model.RISI", "SanteDB.Core.Model.RISI\SanteDB.Core.Model.RISI.csproj", "{F3D2FA84-C398-4390-9834-1272CC2D6F89}"
EndProject
Project("{FAE04EC0-301F-11D3-BF4B-00C04F79EFBC}") = "SanteDB.Core.Model.ViewModelSerializers", "SanteDB.Core.Model.ViewModelSerializers\SanteDB.Core.Model.ViewModelSerializers.csproj", "{ECE9B280-9647-4092-BABF-EB2E25084670}"
EndProject
Project("{2150E333-8FDC-42A3-9474-1A3956D46DE8}") = "Model", "Model", "{87F9D9DB-E742-480F-AE51-F00A796930B7}"
EndProject
Project("{FAE04EC0-301F-11D3-BF4B-00C04F79EFBC}") = "SanteDB.Core.PCL", "SanteDB.Core.PCL\SanteDB.Core.PCL.csproj", "{3A45F695-47A2-464C-ACE6-BDABBFA39FBC}"
EndProject
Project("{FAE04EC0-301F-11D3-BF4B-00C04F79EFBC}") = "SanteDB.Core.PCL.Test", "SanteDB.Core.PCL.Test\SanteDB.Core.PCL.Test.csproj", "{59B5E3BE-790E-451F-BACA-631369CF535C}"
EndProject
Project("{2150E333-8FDC-42A3-9474-1A3956D46DE8}") = "Security", "Security", "{2A2CC3D6-BD80-4055-B9D2-5AB084A36F71}"
EndProject
Project("{2150E333-8FDC-42A3-9474-1A3956D46DE8}") = "Tfa", "Tfa", "{E946EC29-3F03-4804-BCAD-DF4A3B52CF5F}"
EndProject
Project("{FAE04EC0-301F-11D3-BF4B-00C04F79EFBC}") = "SanteDB.Core.Security.Tfa.Email", "SanteDB.Core.Security.Tfa.Email\SanteDB.Core.Security.Tfa.Email.csproj", "{23699F04-DA75-4889-AA00-7F6F4B5FCFBB}"
EndProject
Project("{FAE04EC0-301F-11D3-BF4B-00C04F79EFBC}") = "SanteDB.Core.Security.Tfa.Twilio", "SanteDB.Core.Security.Tfa.Twilio\SanteDB.Core.Security.Tfa.Twilio.csproj", "{5A60D6E2-72DD-478A-91A6-E928208CA1BA}"
EndProject
Project("{FAE04EC0-301F-11D3-BF4B-00C04F79EFBC}") = "SanteDB.Messaging.AMI", "SanteDB.Messaging.AMI\SanteDB.Messaging.AMI.csproj", "{D882323C-2BC9-4A1D-B70F-D833CF2E91A1}"
EndProject
Project("{FAE04EC0-301F-11D3-BF4B-00C04F79EFBC}") = "SanteDB.Messaging.AMI.Client", "SanteDB.Messaging.AMI.Client\SanteDB.Messaging.AMI.Client.csproj", "{0FDBD4DB-30AE-4E1D-AAE1-5FE1370DCE3F}"
EndProject
Project("{FAE04EC0-301F-11D3-BF4B-00C04F79EFBC}") = "SanteDB.Messaging.Discovery.Swagger", "SanteDB.Messaging.Discovery.Swagger\SanteDB.Messaging.Discovery.Swagger.csproj", "{0F7DE7F9-1398-45D2-B52C-0FA08638F277}"
EndProject
Project("{2150E333-8FDC-42A3-9474-1A3956D46DE8}") = "MEX", "MEX", "{880CE952-062C-47D8-828E-6E00317442A7}"
EndProject
Project("{FAE04EC0-301F-11D3-BF4B-00C04F79EFBC}") = "SanteDB.Messaging.FHIR", "SanteDB.Messaging.FHIR\SanteDB.Messaging.FHIR.csproj", "{33836324-C699-4139-AB9C-7524570A04D5}"
EndProject
Project("{FAE04EC0-301F-11D3-BF4B-00C04F79EFBC}") = "SanteDB.Messaging.GS1", "SanteDB.Messaging.GS1\SanteDB.Messaging.GS1.csproj", "{EBF0386E-B082-47C3-9E2A-AB228E2035B3}"
EndProject
Project("{FAE04EC0-301F-11D3-BF4B-00C04F79EFBC}") = "SanteDB.Messaging.HDSI", "SanteDB.Messaging.HDSI\SanteDB.Messaging.HDSI.csproj", "{04E3C581-5A04-4691-82AC-F339947FCE75}"
EndProject
Project("{FAE04EC0-301F-11D3-BF4B-00C04F79EFBC}") = "SanteDB.Messaging.HDSI.Client", "SanteDB.Messaging.HDSI.Client\SanteDB.Messaging.HDSI.Client.csproj", "{C222B929-6E9E-4B2E-A98E-CC23EE681047}"
EndProject
Project("{FAE04EC0-301F-11D3-BF4B-00C04F79EFBC}") = "SanteDB.Messaging.HDSI.Test", "SanteDB.Messaging.HDSI.Test\SanteDB.Messaging.HDSI.Test.csproj", "{B25778DB-97DA-4BA1-BF77-72838658B148}"
EndProject
Project("{FAE04EC0-301F-11D3-BF4B-00C04F79EFBC}") = "SanteDB.Messaging.HL7", "SanteDB.Messaging.HL7\SanteDB.Messaging.HL7.csproj", "{8F1714CE-CCCE-4EF9-8F2F-B8223D35FDB8}"
EndProject
Project("{FAE04EC0-301F-11D3-BF4B-00C04F79EFBC}") = "SanteDB.Messaging.RISI", "SanteDB.Messaging.RISI\SanteDB.Messaging.RISI.csproj", "{265614D8-DF9D-4AC8-BB31-8766A0B0CA20}"
EndProject
Project("{FAE04EC0-301F-11D3-BF4B-00C04F79EFBC}") = "SanteDB.Messaging.RISI.Client", "SanteDB.Messaging.RISI.Client\SanteDB.Messaging.RISI.Client.csproj", "{4F5D3E16-3FAB-4244-B3F0-98983E6C6F69}"
EndProject
Project("{2150E333-8FDC-42A3-9474-1A3956D46DE8}") = "Persistence", "Persistence", "{D61732C3-0CA6-442E-92D4-804140AE2950}"
EndProject
Project("{2150E333-8FDC-42A3-9474-1A3956D46DE8}") = "Core", "Core", "{60153C83-F4A3-423A-B67F-27695D9FB4BB}"
EndProject
Project("{FAE04EC0-301F-11D3-BF4B-00C04F79EFBC}") = "SanteDB.OrmLite", "SanteDB.OrmLite\SanteDB.OrmLite.csproj", "{407C87E6-A1F3-45E6-B883-A8176B350817}"
EndProject
Project("{FAE04EC0-301F-11D3-BF4B-00C04F79EFBC}") = "SanteDB.Persistence.Auditing.ADO", "SanteDB.Persistence.Auditing.ADO\SanteDB.Persistence.Auditing.ADO.csproj", "{45EA67A6-48F6-4906-84EC-5C13C80C9CC4}"
EndProject
Project("{2150E333-8FDC-42A3-9474-1A3956D46DE8}") = "Auditing", "Auditing", "{9E9A2AA6-4BCF-4258-91EC-C0BCD5F869BA}"
EndProject
Project("{FAE04EC0-301F-11D3-BF4B-00C04F79EFBC}") = "SanteDB.Persistence.Data.ADO", "SanteDB.Persistence.Data.ADO\SanteDB.Persistence.Data.ADO.csproj", "{F38ED54C-E4E4-499A-882E-736289F332C0}"
EndProject
Project("{2150E333-8FDC-42A3-9474-1A3956D46DE8}") = "Warehouse", "Warehouse", "{AACAD3BD-DCCA-4B0E-A887-E708AFC85D0D}"
EndProject
Project("{FAE04EC0-301F-11D3-BF4B-00C04F79EFBC}") = "SanteDB.Persistence.Diagnostics.Email", "SanteDB.Persistence.Diagnostics.Email\SanteDB.Persistence.Diagnostics.Email.csproj", "{2A5CEA66-8BB3-4567-BDFA-9C174FC215F7}"
EndProject
Project("{FAE04EC0-301F-11D3-BF4B-00C04F79EFBC}") = "SanteDB.Persistence.Diagnostics.Jira", "SanteDB.Persistence.Diagnostics.Jira\SanteDB.Persistence.Diagnostics.Jira.csproj", "{18A9F102-023E-4E17-8A70-A91365E1510D}"
EndProject
Project("{FAE04EC0-301F-11D3-BF4B-00C04F79EFBC}") = "SanteDB.Persistence.Reporting.ADO", "SanteDB.Persistence.Reporting.ADO\SanteDB.Persistence.Reporting.ADO.csproj", "{AA364BAC-BA47-4548-BD4B-31C0A73277B7}"
EndProject
Project("{2150E333-8FDC-42A3-9474-1A3956D46DE8}") = "Diagnostics", "Diagnostics", "{ACC75B8E-37B6-452E-A84D-149CEFFAD780}"
EndProject
Project("{2150E333-8FDC-42A3-9474-1A3956D46DE8}") = "Reporting", "Reporting", "{B8FC4BF6-22CC-4104-8CFC-72558DEBCCED}"
EndProject
Project("{FAE04EC0-301F-11D3-BF4B-00C04F79EFBC}") = "SanteDB.Protocol.Xml", "SanteDB.Protocol.Xml\SanteDB.Protocol.Xml.csproj", "{CAD6BCB7-758B-4AA4-A5FE-A9FAB8A4CF2F}"
EndProject
Project("{FAE04EC0-301F-11D3-BF4B-00C04F79EFBC}") = "SanteDB.Protocol.Xml.Test", "SanteDB.Protocol.Xml.Test\SanteDB.Protocol.Xml.Test.csproj", "{F17BD798-699C-4558-AE75-F2AC97B52E86}"
EndProject
Project("{FAE04EC0-301F-11D3-BF4B-00C04F79EFBC}") = "SanteDB.Reporting.Core", "SanteDB.Reporting.Core\SanteDB.Reporting.Core.csproj", "{F2B51AC4-4710-4B45-8BF7-E480F375FC90}"
EndProject
Project("{2150E333-8FDC-42A3-9474-1A3956D46DE8}") = "Reporting", "Reporting", "{3FCF7817-0DFA-495A-95F3-F023AD5B443D}"
EndProject
Project("{FAE04EC0-301F-11D3-BF4B-00C04F79EFBC}") = "SanteDB.Reporting.Jasper", "SanteDB.Reporting.Jasper\SanteDB.Reporting.Jasper.csproj", "{5E587D57-FBB9-4064-9444-47B40C4BAD8F}"
EndProject
Project("{FAE04EC0-301F-11D3-BF4B-00C04F79EFBC}") = "SanteDB.Warehouse.ADO", "SanteDB.Warehouse.ADO\SanteDB.Warehouse.ADO.csproj", "{BFC58F38-9023-4700-B35C-AA933A608E43}"
EndProject
Project("{FAE04EC0-301F-11D3-BF4B-00C04F79EFBC}") = "LogViewer", "LogViewer\LogViewer.csproj", "{20C72E5E-CDB0-4EF8-AA88-2DB30662F732}"
EndProject
Global
	GlobalSection(SolutionConfigurationPlatforms) = preSolution
		Debug|Any CPU = Debug|Any CPU
		Release|Any CPU = Release|Any CPU
		SignedRelease|Any CPU = SignedRelease|Any CPU
	EndGlobalSection
	GlobalSection(ProjectConfigurationPlatforms) = postSolution
		{649B7C70-EC21-4AC4-B918-C34C84753126}.Debug|Any CPU.ActiveCfg = Debug|Any CPU
		{649B7C70-EC21-4AC4-B918-C34C84753126}.Debug|Any CPU.Build.0 = Debug|Any CPU
		{649B7C70-EC21-4AC4-B918-C34C84753126}.Release|Any CPU.ActiveCfg = Release|Any CPU
		{649B7C70-EC21-4AC4-B918-C34C84753126}.Release|Any CPU.Build.0 = Release|Any CPU
		{649B7C70-EC21-4AC4-B918-C34C84753126}.SignedRelease|Any CPU.ActiveCfg = Release|Any CPU
		{649B7C70-EC21-4AC4-B918-C34C84753126}.SignedRelease|Any CPU.Build.0 = Release|Any CPU
		{04421AB6-68F0-4315-AB5A-9F2486D8DC64}.Debug|Any CPU.ActiveCfg = Debug|Any CPU
		{04421AB6-68F0-4315-AB5A-9F2486D8DC64}.Debug|Any CPU.Build.0 = Debug|Any CPU
		{04421AB6-68F0-4315-AB5A-9F2486D8DC64}.Release|Any CPU.ActiveCfg = Release|Any CPU
		{04421AB6-68F0-4315-AB5A-9F2486D8DC64}.Release|Any CPU.Build.0 = Release|Any CPU
		{04421AB6-68F0-4315-AB5A-9F2486D8DC64}.SignedRelease|Any CPU.ActiveCfg = Release|Any CPU
		{04421AB6-68F0-4315-AB5A-9F2486D8DC64}.SignedRelease|Any CPU.Build.0 = Release|Any CPU
		{A3975C6F-4FDB-43BE-81AB-3357B86173F1}.Debug|Any CPU.ActiveCfg = Debug|Any CPU
		{A3975C6F-4FDB-43BE-81AB-3357B86173F1}.Debug|Any CPU.Build.0 = Debug|Any CPU
		{A3975C6F-4FDB-43BE-81AB-3357B86173F1}.Release|Any CPU.ActiveCfg = Release|Any CPU
		{A3975C6F-4FDB-43BE-81AB-3357B86173F1}.Release|Any CPU.Build.0 = Release|Any CPU
		{A3975C6F-4FDB-43BE-81AB-3357B86173F1}.SignedRelease|Any CPU.ActiveCfg = Release|Any CPU
		{A3975C6F-4FDB-43BE-81AB-3357B86173F1}.SignedRelease|Any CPU.Build.0 = Release|Any CPU
		{3BFD6EE6-0267-4D82-BE7D-9B48B2F6F3D4}.Debug|Any CPU.ActiveCfg = Debug|Any CPU
		{3BFD6EE6-0267-4D82-BE7D-9B48B2F6F3D4}.Debug|Any CPU.Build.0 = Debug|Any CPU
		{3BFD6EE6-0267-4D82-BE7D-9B48B2F6F3D4}.Release|Any CPU.ActiveCfg = Release|Any CPU
		{3BFD6EE6-0267-4D82-BE7D-9B48B2F6F3D4}.Release|Any CPU.Build.0 = Release|Any CPU
		{3BFD6EE6-0267-4D82-BE7D-9B48B2F6F3D4}.SignedRelease|Any CPU.ActiveCfg = Release|Any CPU
		{3BFD6EE6-0267-4D82-BE7D-9B48B2F6F3D4}.SignedRelease|Any CPU.Build.0 = Release|Any CPU
		{6AFCADBB-4505-43FD-A1BA-ED7DBC1BB232}.Debug|Any CPU.ActiveCfg = Debug|Any CPU
		{6AFCADBB-4505-43FD-A1BA-ED7DBC1BB232}.Debug|Any CPU.Build.0 = Debug|Any CPU
		{6AFCADBB-4505-43FD-A1BA-ED7DBC1BB232}.Release|Any CPU.ActiveCfg = Release|Any CPU
		{6AFCADBB-4505-43FD-A1BA-ED7DBC1BB232}.Release|Any CPU.Build.0 = Release|Any CPU
		{6AFCADBB-4505-43FD-A1BA-ED7DBC1BB232}.SignedRelease|Any CPU.ActiveCfg = Release|Any CPU
		{6AFCADBB-4505-43FD-A1BA-ED7DBC1BB232}.SignedRelease|Any CPU.Build.0 = Release|Any CPU
		{8553ABC7-ABFA-4A21-B0E8-68B7DE76129D}.Debug|Any CPU.ActiveCfg = Debug|Any CPU
		{8553ABC7-ABFA-4A21-B0E8-68B7DE76129D}.Debug|Any CPU.Build.0 = Debug|Any CPU
		{8553ABC7-ABFA-4A21-B0E8-68B7DE76129D}.Release|Any CPU.ActiveCfg = Release|Any CPU
		{8553ABC7-ABFA-4A21-B0E8-68B7DE76129D}.Release|Any CPU.Build.0 = Release|Any CPU
		{8553ABC7-ABFA-4A21-B0E8-68B7DE76129D}.SignedRelease|Any CPU.ActiveCfg = Release|Any CPU
		{8553ABC7-ABFA-4A21-B0E8-68B7DE76129D}.SignedRelease|Any CPU.Build.0 = Release|Any CPU
		{B09A6D4C-862C-4B5B-9C05-4160ED7CCA4A}.Debug|Any CPU.ActiveCfg = Debug|Any CPU
		{B09A6D4C-862C-4B5B-9C05-4160ED7CCA4A}.Debug|Any CPU.Build.0 = Debug|Any CPU
		{B09A6D4C-862C-4B5B-9C05-4160ED7CCA4A}.Release|Any CPU.ActiveCfg = Release|Any CPU
		{B09A6D4C-862C-4B5B-9C05-4160ED7CCA4A}.Release|Any CPU.Build.0 = Release|Any CPU
		{B09A6D4C-862C-4B5B-9C05-4160ED7CCA4A}.SignedRelease|Any CPU.ActiveCfg = Release|Any CPU
		{B09A6D4C-862C-4B5B-9C05-4160ED7CCA4A}.SignedRelease|Any CPU.Build.0 = Release|Any CPU
		{86672094-25CC-4CD5-B085-240E50EC4A5E}.Debug|Any CPU.ActiveCfg = Debug|Any CPU
		{86672094-25CC-4CD5-B085-240E50EC4A5E}.Debug|Any CPU.Build.0 = Debug|Any CPU
		{86672094-25CC-4CD5-B085-240E50EC4A5E}.Release|Any CPU.ActiveCfg = Release|Any CPU
		{86672094-25CC-4CD5-B085-240E50EC4A5E}.Release|Any CPU.Build.0 = Release|Any CPU
		{86672094-25CC-4CD5-B085-240E50EC4A5E}.SignedRelease|Any CPU.ActiveCfg = Release|Any CPU
		{86672094-25CC-4CD5-B085-240E50EC4A5E}.SignedRelease|Any CPU.Build.0 = Release|Any CPU
		{DB9BC05E-45F1-4F96-A161-F36BDECAF566}.Debug|Any CPU.ActiveCfg = Debug|Any CPU
		{DB9BC05E-45F1-4F96-A161-F36BDECAF566}.Debug|Any CPU.Build.0 = Debug|Any CPU
		{DB9BC05E-45F1-4F96-A161-F36BDECAF566}.Release|Any CPU.ActiveCfg = Release|Any CPU
		{DB9BC05E-45F1-4F96-A161-F36BDECAF566}.Release|Any CPU.Build.0 = Release|Any CPU
		{DB9BC05E-45F1-4F96-A161-F36BDECAF566}.SignedRelease|Any CPU.ActiveCfg = Release|Any CPU
		{DB9BC05E-45F1-4F96-A161-F36BDECAF566}.SignedRelease|Any CPU.Build.0 = Release|Any CPU
		{CCEAA09F-7B59-45EC-B969-3A740C2AEBAA}.Debug|Any CPU.ActiveCfg = Debug|Any CPU
		{CCEAA09F-7B59-45EC-B969-3A740C2AEBAA}.Debug|Any CPU.Build.0 = Debug|Any CPU
		{CCEAA09F-7B59-45EC-B969-3A740C2AEBAA}.Release|Any CPU.ActiveCfg = Release|Any CPU
		{CCEAA09F-7B59-45EC-B969-3A740C2AEBAA}.Release|Any CPU.Build.0 = Release|Any CPU
		{CCEAA09F-7B59-45EC-B969-3A740C2AEBAA}.SignedRelease|Any CPU.ActiveCfg = Release|Any CPU
		{CCEAA09F-7B59-45EC-B969-3A740C2AEBAA}.SignedRelease|Any CPU.Build.0 = Release|Any CPU
		{39E61451-F4FE-493D-B754-5F06EB284AAC}.Debug|Any CPU.ActiveCfg = Debug|Any CPU
		{39E61451-F4FE-493D-B754-5F06EB284AAC}.Debug|Any CPU.Build.0 = Debug|Any CPU
		{39E61451-F4FE-493D-B754-5F06EB284AAC}.Release|Any CPU.ActiveCfg = Release|Any CPU
		{39E61451-F4FE-493D-B754-5F06EB284AAC}.Release|Any CPU.Build.0 = Release|Any CPU
		{39E61451-F4FE-493D-B754-5F06EB284AAC}.SignedRelease|Any CPU.ActiveCfg = Release|Any CPU
		{39E61451-F4FE-493D-B754-5F06EB284AAC}.SignedRelease|Any CPU.Build.0 = Release|Any CPU
		{F322715B-FBAD-4C8C-B523-AA723490C05E}.Debug|Any CPU.ActiveCfg = Debug|Any CPU
		{F322715B-FBAD-4C8C-B523-AA723490C05E}.Debug|Any CPU.Build.0 = Debug|Any CPU
		{F322715B-FBAD-4C8C-B523-AA723490C05E}.Release|Any CPU.ActiveCfg = Release|Any CPU
		{F322715B-FBAD-4C8C-B523-AA723490C05E}.Release|Any CPU.Build.0 = Release|Any CPU
		{F322715B-FBAD-4C8C-B523-AA723490C05E}.SignedRelease|Any CPU.ActiveCfg = Release|Any CPU
		{F322715B-FBAD-4C8C-B523-AA723490C05E}.SignedRelease|Any CPU.Build.0 = Release|Any CPU
		{F1A82A4F-4A57-47D7-AE76-444C8A4FF54A}.Debug|Any CPU.ActiveCfg = Debug|Any CPU
		{F1A82A4F-4A57-47D7-AE76-444C8A4FF54A}.Debug|Any CPU.Build.0 = Debug|Any CPU
		{F1A82A4F-4A57-47D7-AE76-444C8A4FF54A}.Release|Any CPU.ActiveCfg = Release|Any CPU
		{F1A82A4F-4A57-47D7-AE76-444C8A4FF54A}.Release|Any CPU.Build.0 = Release|Any CPU
		{F1A82A4F-4A57-47D7-AE76-444C8A4FF54A}.SignedRelease|Any CPU.ActiveCfg = Release|Any CPU
		{F1A82A4F-4A57-47D7-AE76-444C8A4FF54A}.SignedRelease|Any CPU.Build.0 = Release|Any CPU
		{65EF51C6-5CB8-43B8-AE65-4A68F0B44AD2}.Debug|Any CPU.ActiveCfg = Debug|Any CPU
		{65EF51C6-5CB8-43B8-AE65-4A68F0B44AD2}.Debug|Any CPU.Build.0 = Debug|Any CPU
		{65EF51C6-5CB8-43B8-AE65-4A68F0B44AD2}.Release|Any CPU.ActiveCfg = Release|Any CPU
		{65EF51C6-5CB8-43B8-AE65-4A68F0B44AD2}.Release|Any CPU.Build.0 = Release|Any CPU
		{65EF51C6-5CB8-43B8-AE65-4A68F0B44AD2}.SignedRelease|Any CPU.ActiveCfg = Release|Any CPU
		{65EF51C6-5CB8-43B8-AE65-4A68F0B44AD2}.SignedRelease|Any CPU.Build.0 = Release|Any CPU
		{F3D2FA84-C398-4390-9834-1272CC2D6F89}.Debug|Any CPU.ActiveCfg = Debug|Any CPU
		{F3D2FA84-C398-4390-9834-1272CC2D6F89}.Debug|Any CPU.Build.0 = Debug|Any CPU
		{F3D2FA84-C398-4390-9834-1272CC2D6F89}.Release|Any CPU.ActiveCfg = Release|Any CPU
		{F3D2FA84-C398-4390-9834-1272CC2D6F89}.Release|Any CPU.Build.0 = Release|Any CPU
		{F3D2FA84-C398-4390-9834-1272CC2D6F89}.SignedRelease|Any CPU.ActiveCfg = Release|Any CPU
		{F3D2FA84-C398-4390-9834-1272CC2D6F89}.SignedRelease|Any CPU.Build.0 = Release|Any CPU
		{ECE9B280-9647-4092-BABF-EB2E25084670}.Debug|Any CPU.ActiveCfg = Debug|Any CPU
		{ECE9B280-9647-4092-BABF-EB2E25084670}.Debug|Any CPU.Build.0 = Debug|Any CPU
		{ECE9B280-9647-4092-BABF-EB2E25084670}.Release|Any CPU.ActiveCfg = Release|Any CPU
		{ECE9B280-9647-4092-BABF-EB2E25084670}.Release|Any CPU.Build.0 = Release|Any CPU
		{ECE9B280-9647-4092-BABF-EB2E25084670}.SignedRelease|Any CPU.ActiveCfg = Release|Any CPU
		{ECE9B280-9647-4092-BABF-EB2E25084670}.SignedRelease|Any CPU.Build.0 = Release|Any CPU
		{3A45F695-47A2-464C-ACE6-BDABBFA39FBC}.Debug|Any CPU.ActiveCfg = Debug|Any CPU
		{3A45F695-47A2-464C-ACE6-BDABBFA39FBC}.Debug|Any CPU.Build.0 = Debug|Any CPU
		{3A45F695-47A2-464C-ACE6-BDABBFA39FBC}.Release|Any CPU.ActiveCfg = Release|Any CPU
		{3A45F695-47A2-464C-ACE6-BDABBFA39FBC}.Release|Any CPU.Build.0 = Release|Any CPU
		{3A45F695-47A2-464C-ACE6-BDABBFA39FBC}.SignedRelease|Any CPU.ActiveCfg = Release|Any CPU
		{3A45F695-47A2-464C-ACE6-BDABBFA39FBC}.SignedRelease|Any CPU.Build.0 = Release|Any CPU
		{59B5E3BE-790E-451F-BACA-631369CF535C}.Debug|Any CPU.ActiveCfg = Debug|Any CPU
		{59B5E3BE-790E-451F-BACA-631369CF535C}.Debug|Any CPU.Build.0 = Debug|Any CPU
		{59B5E3BE-790E-451F-BACA-631369CF535C}.Release|Any CPU.ActiveCfg = Release|Any CPU
		{59B5E3BE-790E-451F-BACA-631369CF535C}.Release|Any CPU.Build.0 = Release|Any CPU
		{59B5E3BE-790E-451F-BACA-631369CF535C}.SignedRelease|Any CPU.ActiveCfg = Release|Any CPU
		{59B5E3BE-790E-451F-BACA-631369CF535C}.SignedRelease|Any CPU.Build.0 = Release|Any CPU
		{23699F04-DA75-4889-AA00-7F6F4B5FCFBB}.Debug|Any CPU.ActiveCfg = Debug|Any CPU
		{23699F04-DA75-4889-AA00-7F6F4B5FCFBB}.Debug|Any CPU.Build.0 = Debug|Any CPU
		{23699F04-DA75-4889-AA00-7F6F4B5FCFBB}.Release|Any CPU.ActiveCfg = Release|Any CPU
		{23699F04-DA75-4889-AA00-7F6F4B5FCFBB}.Release|Any CPU.Build.0 = Release|Any CPU
		{23699F04-DA75-4889-AA00-7F6F4B5FCFBB}.SignedRelease|Any CPU.ActiveCfg = Release|Any CPU
		{23699F04-DA75-4889-AA00-7F6F4B5FCFBB}.SignedRelease|Any CPU.Build.0 = Release|Any CPU
		{5A60D6E2-72DD-478A-91A6-E928208CA1BA}.Debug|Any CPU.ActiveCfg = Debug|Any CPU
		{5A60D6E2-72DD-478A-91A6-E928208CA1BA}.Debug|Any CPU.Build.0 = Debug|Any CPU
		{5A60D6E2-72DD-478A-91A6-E928208CA1BA}.Release|Any CPU.ActiveCfg = Release|Any CPU
		{5A60D6E2-72DD-478A-91A6-E928208CA1BA}.Release|Any CPU.Build.0 = Release|Any CPU
		{5A60D6E2-72DD-478A-91A6-E928208CA1BA}.SignedRelease|Any CPU.ActiveCfg = Release|Any CPU
		{5A60D6E2-72DD-478A-91A6-E928208CA1BA}.SignedRelease|Any CPU.Build.0 = Release|Any CPU
		{D882323C-2BC9-4A1D-B70F-D833CF2E91A1}.Debug|Any CPU.ActiveCfg = Debug|Any CPU
		{D882323C-2BC9-4A1D-B70F-D833CF2E91A1}.Debug|Any CPU.Build.0 = Debug|Any CPU
		{D882323C-2BC9-4A1D-B70F-D833CF2E91A1}.Release|Any CPU.ActiveCfg = Release|Any CPU
		{D882323C-2BC9-4A1D-B70F-D833CF2E91A1}.Release|Any CPU.Build.0 = Release|Any CPU
		{D882323C-2BC9-4A1D-B70F-D833CF2E91A1}.SignedRelease|Any CPU.ActiveCfg = Release|Any CPU
		{D882323C-2BC9-4A1D-B70F-D833CF2E91A1}.SignedRelease|Any CPU.Build.0 = Release|Any CPU
		{0FDBD4DB-30AE-4E1D-AAE1-5FE1370DCE3F}.Debug|Any CPU.ActiveCfg = Debug|Any CPU
		{0FDBD4DB-30AE-4E1D-AAE1-5FE1370DCE3F}.Debug|Any CPU.Build.0 = Debug|Any CPU
		{0FDBD4DB-30AE-4E1D-AAE1-5FE1370DCE3F}.Release|Any CPU.ActiveCfg = Release|Any CPU
		{0FDBD4DB-30AE-4E1D-AAE1-5FE1370DCE3F}.Release|Any CPU.Build.0 = Release|Any CPU
		{0FDBD4DB-30AE-4E1D-AAE1-5FE1370DCE3F}.SignedRelease|Any CPU.ActiveCfg = Release|Any CPU
		{0FDBD4DB-30AE-4E1D-AAE1-5FE1370DCE3F}.SignedRelease|Any CPU.Build.0 = Release|Any CPU
		{0F7DE7F9-1398-45D2-B52C-0FA08638F277}.Debug|Any CPU.ActiveCfg = Debug|Any CPU
		{0F7DE7F9-1398-45D2-B52C-0FA08638F277}.Debug|Any CPU.Build.0 = Debug|Any CPU
		{0F7DE7F9-1398-45D2-B52C-0FA08638F277}.Release|Any CPU.ActiveCfg = Release|Any CPU
		{0F7DE7F9-1398-45D2-B52C-0FA08638F277}.Release|Any CPU.Build.0 = Release|Any CPU
		{0F7DE7F9-1398-45D2-B52C-0FA08638F277}.SignedRelease|Any CPU.ActiveCfg = Release|Any CPU
		{0F7DE7F9-1398-45D2-B52C-0FA08638F277}.SignedRelease|Any CPU.Build.0 = Release|Any CPU
		{33836324-C699-4139-AB9C-7524570A04D5}.Debug|Any CPU.ActiveCfg = Debug|Any CPU
		{33836324-C699-4139-AB9C-7524570A04D5}.Debug|Any CPU.Build.0 = Debug|Any CPU
		{33836324-C699-4139-AB9C-7524570A04D5}.Release|Any CPU.ActiveCfg = Release|Any CPU
		{33836324-C699-4139-AB9C-7524570A04D5}.Release|Any CPU.Build.0 = Release|Any CPU
		{33836324-C699-4139-AB9C-7524570A04D5}.SignedRelease|Any CPU.ActiveCfg = Release|Any CPU
		{33836324-C699-4139-AB9C-7524570A04D5}.SignedRelease|Any CPU.Build.0 = Release|Any CPU
		{EBF0386E-B082-47C3-9E2A-AB228E2035B3}.Debug|Any CPU.ActiveCfg = Debug|Any CPU
		{EBF0386E-B082-47C3-9E2A-AB228E2035B3}.Debug|Any CPU.Build.0 = Debug|Any CPU
		{EBF0386E-B082-47C3-9E2A-AB228E2035B3}.Release|Any CPU.ActiveCfg = Release|Any CPU
		{EBF0386E-B082-47C3-9E2A-AB228E2035B3}.Release|Any CPU.Build.0 = Release|Any CPU
		{EBF0386E-B082-47C3-9E2A-AB228E2035B3}.SignedRelease|Any CPU.ActiveCfg = Release|Any CPU
		{EBF0386E-B082-47C3-9E2A-AB228E2035B3}.SignedRelease|Any CPU.Build.0 = Release|Any CPU
		{04E3C581-5A04-4691-82AC-F339947FCE75}.Debug|Any CPU.ActiveCfg = Debug|Any CPU
		{04E3C581-5A04-4691-82AC-F339947FCE75}.Debug|Any CPU.Build.0 = Debug|Any CPU
		{04E3C581-5A04-4691-82AC-F339947FCE75}.Release|Any CPU.ActiveCfg = Release|Any CPU
		{04E3C581-5A04-4691-82AC-F339947FCE75}.Release|Any CPU.Build.0 = Release|Any CPU
		{04E3C581-5A04-4691-82AC-F339947FCE75}.SignedRelease|Any CPU.ActiveCfg = Release|Any CPU
		{04E3C581-5A04-4691-82AC-F339947FCE75}.SignedRelease|Any CPU.Build.0 = Release|Any CPU
		{C222B929-6E9E-4B2E-A98E-CC23EE681047}.Debug|Any CPU.ActiveCfg = Debug|Any CPU
		{C222B929-6E9E-4B2E-A98E-CC23EE681047}.Debug|Any CPU.Build.0 = Debug|Any CPU
		{C222B929-6E9E-4B2E-A98E-CC23EE681047}.Release|Any CPU.ActiveCfg = Release|Any CPU
		{C222B929-6E9E-4B2E-A98E-CC23EE681047}.Release|Any CPU.Build.0 = Release|Any CPU
		{C222B929-6E9E-4B2E-A98E-CC23EE681047}.SignedRelease|Any CPU.ActiveCfg = Release|Any CPU
		{C222B929-6E9E-4B2E-A98E-CC23EE681047}.SignedRelease|Any CPU.Build.0 = Release|Any CPU
		{B25778DB-97DA-4BA1-BF77-72838658B148}.Debug|Any CPU.ActiveCfg = Debug|Any CPU
		{B25778DB-97DA-4BA1-BF77-72838658B148}.Debug|Any CPU.Build.0 = Debug|Any CPU
		{B25778DB-97DA-4BA1-BF77-72838658B148}.Release|Any CPU.ActiveCfg = Release|Any CPU
		{B25778DB-97DA-4BA1-BF77-72838658B148}.Release|Any CPU.Build.0 = Release|Any CPU
		{B25778DB-97DA-4BA1-BF77-72838658B148}.SignedRelease|Any CPU.ActiveCfg = Release|Any CPU
		{B25778DB-97DA-4BA1-BF77-72838658B148}.SignedRelease|Any CPU.Build.0 = Release|Any CPU
		{8F1714CE-CCCE-4EF9-8F2F-B8223D35FDB8}.Debug|Any CPU.ActiveCfg = Debug|Any CPU
		{8F1714CE-CCCE-4EF9-8F2F-B8223D35FDB8}.Debug|Any CPU.Build.0 = Debug|Any CPU
		{8F1714CE-CCCE-4EF9-8F2F-B8223D35FDB8}.Release|Any CPU.ActiveCfg = Release|Any CPU
		{8F1714CE-CCCE-4EF9-8F2F-B8223D35FDB8}.Release|Any CPU.Build.0 = Release|Any CPU
		{8F1714CE-CCCE-4EF9-8F2F-B8223D35FDB8}.SignedRelease|Any CPU.ActiveCfg = Release|Any CPU
		{8F1714CE-CCCE-4EF9-8F2F-B8223D35FDB8}.SignedRelease|Any CPU.Build.0 = Release|Any CPU
		{265614D8-DF9D-4AC8-BB31-8766A0B0CA20}.Debug|Any CPU.ActiveCfg = Debug|Any CPU
		{265614D8-DF9D-4AC8-BB31-8766A0B0CA20}.Debug|Any CPU.Build.0 = Debug|Any CPU
		{265614D8-DF9D-4AC8-BB31-8766A0B0CA20}.Release|Any CPU.ActiveCfg = Release|Any CPU
		{265614D8-DF9D-4AC8-BB31-8766A0B0CA20}.Release|Any CPU.Build.0 = Release|Any CPU
		{265614D8-DF9D-4AC8-BB31-8766A0B0CA20}.SignedRelease|Any CPU.ActiveCfg = Release|Any CPU
		{265614D8-DF9D-4AC8-BB31-8766A0B0CA20}.SignedRelease|Any CPU.Build.0 = Release|Any CPU
		{4F5D3E16-3FAB-4244-B3F0-98983E6C6F69}.Debug|Any CPU.ActiveCfg = Debug|Any CPU
		{4F5D3E16-3FAB-4244-B3F0-98983E6C6F69}.Debug|Any CPU.Build.0 = Debug|Any CPU
		{4F5D3E16-3FAB-4244-B3F0-98983E6C6F69}.Release|Any CPU.ActiveCfg = Release|Any CPU
		{4F5D3E16-3FAB-4244-B3F0-98983E6C6F69}.Release|Any CPU.Build.0 = Release|Any CPU
		{4F5D3E16-3FAB-4244-B3F0-98983E6C6F69}.SignedRelease|Any CPU.ActiveCfg = Release|Any CPU
		{4F5D3E16-3FAB-4244-B3F0-98983E6C6F69}.SignedRelease|Any CPU.Build.0 = Release|Any CPU
		{407C87E6-A1F3-45E6-B883-A8176B350817}.Debug|Any CPU.ActiveCfg = Debug|Any CPU
		{407C87E6-A1F3-45E6-B883-A8176B350817}.Debug|Any CPU.Build.0 = Debug|Any CPU
		{407C87E6-A1F3-45E6-B883-A8176B350817}.Release|Any CPU.ActiveCfg = Release|Any CPU
		{407C87E6-A1F3-45E6-B883-A8176B350817}.Release|Any CPU.Build.0 = Release|Any CPU
		{407C87E6-A1F3-45E6-B883-A8176B350817}.SignedRelease|Any CPU.ActiveCfg = Release|Any CPU
		{407C87E6-A1F3-45E6-B883-A8176B350817}.SignedRelease|Any CPU.Build.0 = Release|Any CPU
		{45EA67A6-48F6-4906-84EC-5C13C80C9CC4}.Debug|Any CPU.ActiveCfg = Debug|Any CPU
		{45EA67A6-48F6-4906-84EC-5C13C80C9CC4}.Debug|Any CPU.Build.0 = Debug|Any CPU
		{45EA67A6-48F6-4906-84EC-5C13C80C9CC4}.Release|Any CPU.ActiveCfg = Release|Any CPU
		{45EA67A6-48F6-4906-84EC-5C13C80C9CC4}.Release|Any CPU.Build.0 = Release|Any CPU
		{45EA67A6-48F6-4906-84EC-5C13C80C9CC4}.SignedRelease|Any CPU.ActiveCfg = Release|Any CPU
		{45EA67A6-48F6-4906-84EC-5C13C80C9CC4}.SignedRelease|Any CPU.Build.0 = Release|Any CPU
		{F38ED54C-E4E4-499A-882E-736289F332C0}.Debug|Any CPU.ActiveCfg = Debug|Any CPU
		{F38ED54C-E4E4-499A-882E-736289F332C0}.Debug|Any CPU.Build.0 = Debug|Any CPU
		{F38ED54C-E4E4-499A-882E-736289F332C0}.Release|Any CPU.ActiveCfg = Release|Any CPU
		{F38ED54C-E4E4-499A-882E-736289F332C0}.Release|Any CPU.Build.0 = Release|Any CPU
		{F38ED54C-E4E4-499A-882E-736289F332C0}.SignedRelease|Any CPU.ActiveCfg = Release|Any CPU
		{F38ED54C-E4E4-499A-882E-736289F332C0}.SignedRelease|Any CPU.Build.0 = Release|Any CPU
		{2A5CEA66-8BB3-4567-BDFA-9C174FC215F7}.Debug|Any CPU.ActiveCfg = Debug|Any CPU
		{2A5CEA66-8BB3-4567-BDFA-9C174FC215F7}.Debug|Any CPU.Build.0 = Debug|Any CPU
		{2A5CEA66-8BB3-4567-BDFA-9C174FC215F7}.Release|Any CPU.ActiveCfg = Release|Any CPU
		{2A5CEA66-8BB3-4567-BDFA-9C174FC215F7}.Release|Any CPU.Build.0 = Release|Any CPU
		{2A5CEA66-8BB3-4567-BDFA-9C174FC215F7}.SignedRelease|Any CPU.ActiveCfg = Release|Any CPU
		{2A5CEA66-8BB3-4567-BDFA-9C174FC215F7}.SignedRelease|Any CPU.Build.0 = Release|Any CPU
		{18A9F102-023E-4E17-8A70-A91365E1510D}.Debug|Any CPU.ActiveCfg = Debug|Any CPU
		{18A9F102-023E-4E17-8A70-A91365E1510D}.Debug|Any CPU.Build.0 = Debug|Any CPU
		{18A9F102-023E-4E17-8A70-A91365E1510D}.Release|Any CPU.ActiveCfg = Release|Any CPU
		{18A9F102-023E-4E17-8A70-A91365E1510D}.Release|Any CPU.Build.0 = Release|Any CPU
		{18A9F102-023E-4E17-8A70-A91365E1510D}.SignedRelease|Any CPU.ActiveCfg = Release|Any CPU
		{18A9F102-023E-4E17-8A70-A91365E1510D}.SignedRelease|Any CPU.Build.0 = Release|Any CPU
		{AA364BAC-BA47-4548-BD4B-31C0A73277B7}.Debug|Any CPU.ActiveCfg = Debug|Any CPU
		{AA364BAC-BA47-4548-BD4B-31C0A73277B7}.Debug|Any CPU.Build.0 = Debug|Any CPU
		{AA364BAC-BA47-4548-BD4B-31C0A73277B7}.Release|Any CPU.ActiveCfg = Release|Any CPU
		{AA364BAC-BA47-4548-BD4B-31C0A73277B7}.Release|Any CPU.Build.0 = Release|Any CPU
		{AA364BAC-BA47-4548-BD4B-31C0A73277B7}.SignedRelease|Any CPU.ActiveCfg = Release|Any CPU
		{AA364BAC-BA47-4548-BD4B-31C0A73277B7}.SignedRelease|Any CPU.Build.0 = Release|Any CPU
		{CAD6BCB7-758B-4AA4-A5FE-A9FAB8A4CF2F}.Debug|Any CPU.ActiveCfg = Debug|Any CPU
		{CAD6BCB7-758B-4AA4-A5FE-A9FAB8A4CF2F}.Debug|Any CPU.Build.0 = Debug|Any CPU
		{CAD6BCB7-758B-4AA4-A5FE-A9FAB8A4CF2F}.Release|Any CPU.ActiveCfg = Release|Any CPU
		{CAD6BCB7-758B-4AA4-A5FE-A9FAB8A4CF2F}.Release|Any CPU.Build.0 = Release|Any CPU
		{CAD6BCB7-758B-4AA4-A5FE-A9FAB8A4CF2F}.SignedRelease|Any CPU.ActiveCfg = Release|Any CPU
		{CAD6BCB7-758B-4AA4-A5FE-A9FAB8A4CF2F}.SignedRelease|Any CPU.Build.0 = Release|Any CPU
		{F17BD798-699C-4558-AE75-F2AC97B52E86}.Debug|Any CPU.ActiveCfg = Debug|Any CPU
		{F17BD798-699C-4558-AE75-F2AC97B52E86}.Debug|Any CPU.Build.0 = Debug|Any CPU
		{F17BD798-699C-4558-AE75-F2AC97B52E86}.Release|Any CPU.ActiveCfg = Release|Any CPU
		{F17BD798-699C-4558-AE75-F2AC97B52E86}.Release|Any CPU.Build.0 = Release|Any CPU
		{F17BD798-699C-4558-AE75-F2AC97B52E86}.SignedRelease|Any CPU.ActiveCfg = Release|Any CPU
		{F17BD798-699C-4558-AE75-F2AC97B52E86}.SignedRelease|Any CPU.Build.0 = Release|Any CPU
		{F2B51AC4-4710-4B45-8BF7-E480F375FC90}.Debug|Any CPU.ActiveCfg = Debug|Any CPU
		{F2B51AC4-4710-4B45-8BF7-E480F375FC90}.Debug|Any CPU.Build.0 = Debug|Any CPU
		{F2B51AC4-4710-4B45-8BF7-E480F375FC90}.Release|Any CPU.ActiveCfg = Release|Any CPU
		{F2B51AC4-4710-4B45-8BF7-E480F375FC90}.Release|Any CPU.Build.0 = Release|Any CPU
		{F2B51AC4-4710-4B45-8BF7-E480F375FC90}.SignedRelease|Any CPU.ActiveCfg = Release|Any CPU
		{F2B51AC4-4710-4B45-8BF7-E480F375FC90}.SignedRelease|Any CPU.Build.0 = Release|Any CPU
		{5E587D57-FBB9-4064-9444-47B40C4BAD8F}.Debug|Any CPU.ActiveCfg = Debug|Any CPU
		{5E587D57-FBB9-4064-9444-47B40C4BAD8F}.Debug|Any CPU.Build.0 = Debug|Any CPU
		{5E587D57-FBB9-4064-9444-47B40C4BAD8F}.Release|Any CPU.ActiveCfg = Release|Any CPU
		{5E587D57-FBB9-4064-9444-47B40C4BAD8F}.Release|Any CPU.Build.0 = Release|Any CPU
		{5E587D57-FBB9-4064-9444-47B40C4BAD8F}.SignedRelease|Any CPU.ActiveCfg = Release|Any CPU
		{5E587D57-FBB9-4064-9444-47B40C4BAD8F}.SignedRelease|Any CPU.Build.0 = Release|Any CPU
		{BFC58F38-9023-4700-B35C-AA933A608E43}.Debug|Any CPU.ActiveCfg = Debug|Any CPU
		{BFC58F38-9023-4700-B35C-AA933A608E43}.Debug|Any CPU.Build.0 = Debug|Any CPU
		{BFC58F38-9023-4700-B35C-AA933A608E43}.Release|Any CPU.ActiveCfg = Release|Any CPU
		{BFC58F38-9023-4700-B35C-AA933A608E43}.Release|Any CPU.Build.0 = Release|Any CPU
		{BFC58F38-9023-4700-B35C-AA933A608E43}.SignedRelease|Any CPU.ActiveCfg = Release|Any CPU
		{BFC58F38-9023-4700-B35C-AA933A608E43}.SignedRelease|Any CPU.Build.0 = Release|Any CPU
		{20C72E5E-CDB0-4EF8-AA88-2DB30662F732}.Debug|Any CPU.ActiveCfg = Debug|Any CPU
		{20C72E5E-CDB0-4EF8-AA88-2DB30662F732}.Debug|Any CPU.Build.0 = Debug|Any CPU
		{20C72E5E-CDB0-4EF8-AA88-2DB30662F732}.Release|Any CPU.ActiveCfg = Release|Any CPU
		{20C72E5E-CDB0-4EF8-AA88-2DB30662F732}.Release|Any CPU.Build.0 = Release|Any CPU
		{20C72E5E-CDB0-4EF8-AA88-2DB30662F732}.SignedRelease|Any CPU.ActiveCfg = SignedRelease|Any CPU
		{20C72E5E-CDB0-4EF8-AA88-2DB30662F732}.SignedRelease|Any CPU.Build.0 = SignedRelease|Any CPU
	EndGlobalSection
	GlobalSection(SolutionProperties) = preSolution
		HideSolutionNode = FALSE
	EndGlobalSection
	GlobalSection(NestedProjects) = preSolution
		{649B7C70-EC21-4AC4-B918-C34C84753126} = {0C3CE779-1E4C-468F-AC85-E3554CE8F7BF}
		{04421AB6-68F0-4315-AB5A-9F2486D8DC64} = {743B3DB9-DFAD-4E1F-8C4A-7A485C7EC709}
		{A3975C6F-4FDB-43BE-81AB-3357B86173F1} = {D99E9BD3-602E-43F2-BBA0-264206FA80CC}
		{D99E9BD3-602E-43F2-BBA0-264206FA80CC} = {2A2CC3D6-BD80-4055-B9D2-5AB084A36F71}
		{3BFD6EE6-0267-4D82-BE7D-9B48B2F6F3D4} = {2528C921-AF78-4EB3-8160-567A6CB5255B}
		{6AFCADBB-4505-43FD-A1BA-ED7DBC1BB232} = {2528C921-AF78-4EB3-8160-567A6CB5255B}
		{8553ABC7-ABFA-4A21-B0E8-68B7DE76129D} = {B3F515F8-46CB-4F85-B89C-9E5239A606EE}
		{B09A6D4C-862C-4B5B-9C05-4160ED7CCA4A} = {B3F515F8-46CB-4F85-B89C-9E5239A606EE}
		{86672094-25CC-4CD5-B085-240E50EC4A5E} = {B3F515F8-46CB-4F85-B89C-9E5239A606EE}
		{DB9BC05E-45F1-4F96-A161-F36BDECAF566} = {0C3CE779-1E4C-468F-AC85-E3554CE8F7BF}
		{CCEAA09F-7B59-45EC-B969-3A740C2AEBAA} = {747C6F52-C20E-4592-B2C4-6FC77C0DD40E}
		{39E61451-F4FE-493D-B754-5F06EB284AAC} = {6E5EA81C-5E70-4128-A7E2-8DFFA069D667}
		{F322715B-FBAD-4C8C-B523-AA723490C05E} = {6E5EA81C-5E70-4128-A7E2-8DFFA069D667}
		{F1A82A4F-4A57-47D7-AE76-444C8A4FF54A} = {87F9D9DB-E742-480F-AE51-F00A796930B7}
		{65EF51C6-5CB8-43B8-AE65-4A68F0B44AD2} = {CE27C26E-C86D-4969-BD10-49FA9273C287}
		{CE27C26E-C86D-4969-BD10-49FA9273C287} = {2B42E7E5-EE67-4D86-81EB-4AF674CE2C85}
		{BCBFE210-FE54-4E9F-9A2D-2753664421A8} = {2B42E7E5-EE67-4D86-81EB-4AF674CE2C85}
		{914F78A5-40E7-419A-8339-7DA21C79ADA6} = {2B42E7E5-EE67-4D86-81EB-4AF674CE2C85}
		{87B3869E-6B6C-47DF-A173-9F732F8ADC48} = {2B42E7E5-EE67-4D86-81EB-4AF674CE2C85}
		{921F0E12-BCB8-423F-9026-B5A72D01F894} = {87B3869E-6B6C-47DF-A173-9F732F8ADC48}
		{CD4C260C-F81F-4C62-9D00-A64AE33710EB} = {87B3869E-6B6C-47DF-A173-9F732F8ADC48}
		{DFE841C6-5318-4E53-9510-263C2BB3F6E9} = {87B3869E-6B6C-47DF-A173-9F732F8ADC48}
		{F3D2FA84-C398-4390-9834-1272CC2D6F89} = {914F78A5-40E7-419A-8339-7DA21C79ADA6}
		{ECE9B280-9647-4092-BABF-EB2E25084670} = {87F9D9DB-E742-480F-AE51-F00A796930B7}
		{3A45F695-47A2-464C-ACE6-BDABBFA39FBC} = {0C3CE779-1E4C-468F-AC85-E3554CE8F7BF}
		{59B5E3BE-790E-451F-BACA-631369CF535C} = {0C3CE779-1E4C-468F-AC85-E3554CE8F7BF}
		{E946EC29-3F03-4804-BCAD-DF4A3B52CF5F} = {2A2CC3D6-BD80-4055-B9D2-5AB084A36F71}
		{23699F04-DA75-4889-AA00-7F6F4B5FCFBB} = {E946EC29-3F03-4804-BCAD-DF4A3B52CF5F}
		{5A60D6E2-72DD-478A-91A6-E928208CA1BA} = {E946EC29-3F03-4804-BCAD-DF4A3B52CF5F}
		{D882323C-2BC9-4A1D-B70F-D833CF2E91A1} = {CE27C26E-C86D-4969-BD10-49FA9273C287}
		{0FDBD4DB-30AE-4E1D-AAE1-5FE1370DCE3F} = {CE27C26E-C86D-4969-BD10-49FA9273C287}
		{0F7DE7F9-1398-45D2-B52C-0FA08638F277} = {880CE952-062C-47D8-828E-6E00317442A7}
		{880CE952-062C-47D8-828E-6E00317442A7} = {2B42E7E5-EE67-4D86-81EB-4AF674CE2C85}
		{33836324-C699-4139-AB9C-7524570A04D5} = {CD4C260C-F81F-4C62-9D00-A64AE33710EB}
		{EBF0386E-B082-47C3-9E2A-AB228E2035B3} = {921F0E12-BCB8-423F-9026-B5A72D01F894}
		{04E3C581-5A04-4691-82AC-F339947FCE75} = {BCBFE210-FE54-4E9F-9A2D-2753664421A8}
		{C222B929-6E9E-4B2E-A98E-CC23EE681047} = {BCBFE210-FE54-4E9F-9A2D-2753664421A8}
		{B25778DB-97DA-4BA1-BF77-72838658B148} = {BCBFE210-FE54-4E9F-9A2D-2753664421A8}
		{8F1714CE-CCCE-4EF9-8F2F-B8223D35FDB8} = {DFE841C6-5318-4E53-9510-263C2BB3F6E9}
		{265614D8-DF9D-4AC8-BB31-8766A0B0CA20} = {914F78A5-40E7-419A-8339-7DA21C79ADA6}
		{4F5D3E16-3FAB-4244-B3F0-98983E6C6F69} = {914F78A5-40E7-419A-8339-7DA21C79ADA6}
		{60153C83-F4A3-423A-B67F-27695D9FB4BB} = {D61732C3-0CA6-442E-92D4-804140AE2950}
		{407C87E6-A1F3-45E6-B883-A8176B350817} = {60153C83-F4A3-423A-B67F-27695D9FB4BB}
		{45EA67A6-48F6-4906-84EC-5C13C80C9CC4} = {9E9A2AA6-4BCF-4258-91EC-C0BCD5F869BA}
		{9E9A2AA6-4BCF-4258-91EC-C0BCD5F869BA} = {2A2CC3D6-BD80-4055-B9D2-5AB084A36F71}
		{F38ED54C-E4E4-499A-882E-736289F332C0} = {60153C83-F4A3-423A-B67F-27695D9FB4BB}
		{AACAD3BD-DCCA-4B0E-A887-E708AFC85D0D} = {D61732C3-0CA6-442E-92D4-804140AE2950}
		{2A5CEA66-8BB3-4567-BDFA-9C174FC215F7} = {ACC75B8E-37B6-452E-A84D-149CEFFAD780}
		{18A9F102-023E-4E17-8A70-A91365E1510D} = {ACC75B8E-37B6-452E-A84D-149CEFFAD780}
		{AA364BAC-BA47-4548-BD4B-31C0A73277B7} = {B8FC4BF6-22CC-4104-8CFC-72558DEBCCED}
		{ACC75B8E-37B6-452E-A84D-149CEFFAD780} = {D61732C3-0CA6-442E-92D4-804140AE2950}
		{B8FC4BF6-22CC-4104-8CFC-72558DEBCCED} = {D61732C3-0CA6-442E-92D4-804140AE2950}
		{CAD6BCB7-758B-4AA4-A5FE-A9FAB8A4CF2F} = {2528C921-AF78-4EB3-8160-567A6CB5255B}
		{F17BD798-699C-4558-AE75-F2AC97B52E86} = {2528C921-AF78-4EB3-8160-567A6CB5255B}
		{F2B51AC4-4710-4B45-8BF7-E480F375FC90} = {3FCF7817-0DFA-495A-95F3-F023AD5B443D}
		{5E587D57-FBB9-4064-9444-47B40C4BAD8F} = {3FCF7817-0DFA-495A-95F3-F023AD5B443D}
		{BFC58F38-9023-4700-B35C-AA933A608E43} = {AACAD3BD-DCCA-4B0E-A887-E708AFC85D0D}
		{20C72E5E-CDB0-4EF8-AA88-2DB30662F732} = {743B3DB9-DFAD-4E1F-8C4A-7A485C7EC709}
	EndGlobalSection
EndGlobal
